
Microsoft Visual Studio Solution File, Format Version 12.00
# Visual Studio Version 17
VisualStudioVersion = 17.0.31903.59
MinimumVisualStudioVersion = 10.0.40219.1
Project("{FAE04EC0-301F-11D3-BF4B-00C04F79EFBC}") = "SagaR", "SagaR\SagaR.csproj", "{5F937FB7-6DD2-4334-853B-DF2B3CA2C422}"
EndProject
Project("{2150E333-8FDC-42A3-9474-1A3956D46DE8}") = "Libs", "Libs", "{6C4D298B-81FB-2B6B-5AB6-46205EDDC72C}"
EndProject
Project("{FAE04EC0-301F-11D3-BF4B-00C04F79EFBC}") = "SagaR.TransactR", "SagaR.TransactR\SagaR.TransactR.csproj", "{0DE7987F-B1F4-4DB7-A655-54734CDCDEF8}"
EndProject
Project("{FAE04EC0-301F-11D3-BF4B-00C04F79EFBC}") = "Sagar.TransactR.Concordia", "Sagar.TransactR.Concordia\Sagar.TransactR.Concordia.csproj", "{A47C5750-4B9C-46AF-BE6F-7215BC7AFC7D}"
EndProject
Project("{FAE04EC0-301F-11D3-BF4B-00C04F79EFBC}") = "Sagar.TransactR.MediatR", "Sagar.TransactR.MediatR\Sagar.TransactR.MediatR.csproj", "{7BCD940B-BC5B-483D-ACDD-3AE3B8528981}"
EndProject
Project("{2150E333-8FDC-42A3-9474-1A3956D46DE8}") = "Examples", "Examples", "{B36A84DF-456D-A817-6EDD-3EC3E7F6E11F}"
EndProject
Project("{FAE04EC0-301F-11D3-BF4B-00C04F79EFBC}") = "Sagar.TransactR.Console.Test", "Sagar.TransactR.Console.Test\Sagar.TransactR.Console.Test.csproj", "{FA2C3812-C099-430C-BC38-FEF9411542AF}"
EndProject
Project("{FAE04EC0-301F-11D3-BF4B-00C04F79EFBC}") = "SagaR.Concordia", "SagaR.Concordia\SagaR.Concordia.csproj", "{687C2E50-8CFD-4246-B181-7FF26A365F55}"
EndProject
Project("{FAE04EC0-301F-11D3-BF4B-00C04F79EFBC}") = "SagaR.MediatR", "SagaR.MediatR\SagaR.MediatR.csproj", "{9AD13E32-716E-461C-8170-26F6E02A330D}"
EndProject
Global
	GlobalSection(SolutionConfigurationPlatforms) = preSolution
		Debug|Any CPU = Debug|Any CPU
		Debug|x64 = Debug|x64
		Debug|x86 = Debug|x86
		Release|Any CPU = Release|Any CPU
		Release|x64 = Release|x64
		Release|x86 = Release|x86
	EndGlobalSection
	GlobalSection(ProjectConfigurationPlatforms) = postSolution
		{5F937FB7-6DD2-4334-853B-DF2B3CA2C422}.Debug|Any CPU.ActiveCfg = Debug|Any CPU
		{5F937FB7-6DD2-4334-853B-DF2B3CA2C422}.Debug|Any CPU.Build.0 = Debug|Any CPU
		{5F937FB7-6DD2-4334-853B-DF2B3CA2C422}.Debug|x64.ActiveCfg = Debug|Any CPU
		{5F937FB7-6DD2-4334-853B-DF2B3CA2C422}.Debug|x64.Build.0 = Debug|Any CPU
		{5F937FB7-6DD2-4334-853B-DF2B3CA2C422}.Debug|x86.ActiveCfg = Debug|Any CPU
		{5F937FB7-6DD2-4334-853B-DF2B3CA2C422}.Debug|x86.Build.0 = Debug|Any CPU
		{5F937FB7-6DD2-4334-853B-DF2B3CA2C422}.Release|Any CPU.ActiveCfg = Release|Any CPU
		{5F937FB7-6DD2-4334-853B-DF2B3CA2C422}.Release|Any CPU.Build.0 = Release|Any CPU
		{5F937FB7-6DD2-4334-853B-DF2B3CA2C422}.Release|x64.ActiveCfg = Release|Any CPU
		{5F937FB7-6DD2-4334-853B-DF2B3CA2C422}.Release|x64.Build.0 = Release|Any CPU
		{5F937FB7-6DD2-4334-853B-DF2B3CA2C422}.Release|x86.ActiveCfg = Release|Any CPU
		{5F937FB7-6DD2-4334-853B-DF2B3CA2C422}.Release|x86.Build.0 = Release|Any CPU
		{0DE7987F-B1F4-4DB7-A655-54734CDCDEF8}.Debug|Any CPU.ActiveCfg = Debug|Any CPU
		{0DE7987F-B1F4-4DB7-A655-54734CDCDEF8}.Debug|Any CPU.Build.0 = Debug|Any CPU
		{0DE7987F-B1F4-4DB7-A655-54734CDCDEF8}.Debug|x64.ActiveCfg = Debug|Any CPU
		{0DE7987F-B1F4-4DB7-A655-54734CDCDEF8}.Debug|x64.Build.0 = Debug|Any CPU
		{0DE7987F-B1F4-4DB7-A655-54734CDCDEF8}.Debug|x86.ActiveCfg = Debug|Any CPU
		{0DE7987F-B1F4-4DB7-A655-54734CDCDEF8}.Debug|x86.Build.0 = Debug|Any CPU
		{0DE7987F-B1F4-4DB7-A655-54734CDCDEF8}.Release|Any CPU.ActiveCfg = Release|Any CPU
		{0DE7987F-B1F4-4DB7-A655-54734CDCDEF8}.Release|Any CPU.Build.0 = Release|Any CPU
		{0DE7987F-B1F4-4DB7-A655-54734CDCDEF8}.Release|x64.ActiveCfg = Release|Any CPU
		{0DE7987F-B1F4-4DB7-A655-54734CDCDEF8}.Release|x64.Build.0 = Release|Any CPU
		{0DE7987F-B1F4-4DB7-A655-54734CDCDEF8}.Release|x86.ActiveCfg = Release|Any CPU
		{0DE7987F-B1F4-4DB7-A655-54734CDCDEF8}.Release|x86.Build.0 = Release|Any CPU
		{A47C5750-4B9C-46AF-BE6F-7215BC7AFC7D}.Debug|Any CPU.ActiveCfg = Debug|Any CPU
		{A47C5750-4B9C-46AF-BE6F-7215BC7AFC7D}.Debug|Any CPU.Build.0 = Debug|Any CPU
		{A47C5750-4B9C-46AF-BE6F-7215BC7AFC7D}.Debug|x64.ActiveCfg = Debug|Any CPU
		{A47C5750-4B9C-46AF-BE6F-7215BC7AFC7D}.Debug|x64.Build.0 = Debug|Any CPU
		{A47C5750-4B9C-46AF-BE6F-7215BC7AFC7D}.Debug|x86.ActiveCfg = Debug|Any CPU
		{A47C5750-4B9C-46AF-BE6F-7215BC7AFC7D}.Debug|x86.Build.0 = Debug|Any CPU
		{A47C5750-4B9C-46AF-BE6F-7215BC7AFC7D}.Release|Any CPU.ActiveCfg = Release|Any CPU
		{A47C5750-4B9C-46AF-BE6F-7215BC7AFC7D}.Release|Any CPU.Build.0 = Release|Any CPU
		{A47C5750-4B9C-46AF-BE6F-7215BC7AFC7D}.Release|x64.ActiveCfg = Release|Any CPU
		{A47C5750-4B9C-46AF-BE6F-7215BC7AFC7D}.Release|x64.Build.0 = Release|Any CPU
		{A47C5750-4B9C-46AF-BE6F-7215BC7AFC7D}.Release|x86.ActiveCfg = Release|Any CPU
		{A47C5750-4B9C-46AF-BE6F-7215BC7AFC7D}.Release|x86.Build.0 = Release|Any CPU
		{7BCD940B-BC5B-483D-ACDD-3AE3B8528981}.Debug|Any CPU.ActiveCfg = Debug|Any CPU
		{7BCD940B-BC5B-483D-ACDD-3AE3B8528981}.Debug|Any CPU.Build.0 = Debug|Any CPU
		{7BCD940B-BC5B-483D-ACDD-3AE3B8528981}.Debug|x64.ActiveCfg = Debug|Any CPU
		{7BCD940B-BC5B-483D-ACDD-3AE3B8528981}.Debug|x64.Build.0 = Debug|Any CPU
		{7BCD940B-BC5B-483D-ACDD-3AE3B8528981}.Debug|x86.ActiveCfg = Debug|Any CPU
		{7BCD940B-BC5B-483D-ACDD-3AE3B8528981}.Debug|x86.Build.0 = Debug|Any CPU
		{7BCD940B-BC5B-483D-ACDD-3AE3B8528981}.Release|Any CPU.ActiveCfg = Release|Any CPU
		{7BCD940B-BC5B-483D-ACDD-3AE3B8528981}.Release|Any CPU.Build.0 = Release|Any CPU
		{7BCD940B-BC5B-483D-ACDD-3AE3B8528981}.Release|x64.ActiveCfg = Release|Any CPU
		{7BCD940B-BC5B-483D-ACDD-3AE3B8528981}.Release|x64.Build.0 = Release|Any CPU
		{7BCD940B-BC5B-483D-ACDD-3AE3B8528981}.Release|x86.ActiveCfg = Release|Any CPU
		{7BCD940B-BC5B-483D-ACDD-3AE3B8528981}.Release|x86.Build.0 = Release|Any CPU
		{FA2C3812-C099-430C-BC38-FEF9411542AF}.Debug|Any CPU.ActiveCfg = Debug|Any CPU
		{FA2C3812-C099-430C-BC38-FEF9411542AF}.Debug|Any CPU.Build.0 = Debug|Any CPU
		{FA2C3812-C099-430C-BC38-FEF9411542AF}.Debug|x64.ActiveCfg = Debug|Any CPU
		{FA2C3812-C099-430C-BC38-FEF9411542AF}.Debug|x64.Build.0 = Debug|Any CPU
		{FA2C3812-C099-430C-BC38-FEF9411542AF}.Debug|x86.ActiveCfg = Debug|Any CPU
		{FA2C3812-C099-430C-BC38-FEF9411542AF}.Debug|x86.Build.0 = Debug|Any CPU
		{FA2C3812-C099-430C-BC38-FEF9411542AF}.Release|Any CPU.ActiveCfg = Release|Any CPU
		{FA2C3812-C099-430C-BC38-FEF9411542AF}.Release|Any CPU.Build.0 = Release|Any CPU
		{FA2C3812-C099-430C-BC38-FEF9411542AF}.Release|x64.ActiveCfg = Release|Any CPU
		{FA2C3812-C099-430C-BC38-FEF9411542AF}.Release|x64.Build.0 = Release|Any CPU
		{FA2C3812-C099-430C-BC38-FEF9411542AF}.Release|x86.ActiveCfg = Release|Any CPU
		{FA2C3812-C099-430C-BC38-FEF9411542AF}.Release|x86.Build.0 = Release|Any CPU
		{687C2E50-8CFD-4246-B181-7FF26A365F55}.Debug|Any CPU.ActiveCfg = Debug|Any CPU
		{687C2E50-8CFD-4246-B181-7FF26A365F55}.Debug|Any CPU.Build.0 = Debug|Any CPU
		{687C2E50-8CFD-4246-B181-7FF26A365F55}.Debug|x64.ActiveCfg = Debug|Any CPU
		{687C2E50-8CFD-4246-B181-7FF26A365F55}.Debug|x64.Build.0 = Debug|Any CPU
		{687C2E50-8CFD-4246-B181-7FF26A365F55}.Debug|x86.ActiveCfg = Debug|Any CPU
		{687C2E50-8CFD-4246-B181-7FF26A365F55}.Debug|x86.Build.0 = Debug|Any CPU
		{687C2E50-8CFD-4246-B181-7FF26A365F55}.Release|Any CPU.ActiveCfg = Release|Any CPU
		{687C2E50-8CFD-4246-B181-7FF26A365F55}.Release|Any CPU.Build.0 = Release|Any CPU
		{687C2E50-8CFD-4246-B181-7FF26A365F55}.Release|x64.ActiveCfg = Release|Any CPU
		{687C2E50-8CFD-4246-B181-7FF26A365F55}.Release|x64.Build.0 = Release|Any CPU
		{687C2E50-8CFD-4246-B181-7FF26A365F55}.Release|x86.ActiveCfg = Release|Any CPU
		{687C2E50-8CFD-4246-B181-7FF26A365F55}.Release|x86.Build.0 = Release|Any CPU
		{9AD13E32-716E-461C-8170-26F6E02A330D}.Debug|Any CPU.ActiveCfg = Debug|Any CPU
		{9AD13E32-716E-461C-8170-26F6E02A330D}.Debug|Any CPU.Build.0 = Debug|Any CPU
		{9AD13E32-716E-461C-8170-26F6E02A330D}.Debug|x64.ActiveCfg = Debug|Any CPU
		{9AD13E32-716E-461C-8170-26F6E02A330D}.Debug|x64.Build.0 = Debug|Any CPU
		{9AD13E32-716E-461C-8170-26F6E02A330D}.Debug|x86.ActiveCfg = Debug|Any CPU
		{9AD13E32-716E-461C-8170-26F6E02A330D}.Debug|x86.Build.0 = Debug|Any CPU
		{9AD13E32-716E-461C-8170-26F6E02A330D}.Release|Any CPU.ActiveCfg = Release|Any CPU
		{9AD13E32-716E-461C-8170-26F6E02A330D}.Release|Any CPU.Build.0 = Release|Any CPU
		{9AD13E32-716E-461C-8170-26F6E02A330D}.Release|x64.ActiveCfg = Release|Any CPU
		{9AD13E32-716E-461C-8170-26F6E02A330D}.Release|x64.Build.0 = Release|Any CPU
		{9AD13E32-716E-461C-8170-26F6E02A330D}.Release|x86.ActiveCfg = Release|Any CPU
		{9AD13E32-716E-461C-8170-26F6E02A330D}.Release|x86.Build.0 = Release|Any CPU
	EndGlobalSection
	GlobalSection(SolutionProperties) = preSolution
		HideSolutionNode = FALSE
	EndGlobalSection
	GlobalSection(NestedProjects) = preSolution
		{5F937FB7-6DD2-4334-853B-DF2B3CA2C422} = {6C4D298B-81FB-2B6B-5AB6-46205EDDC72C}
		{0DE7987F-B1F4-4DB7-A655-54734CDCDEF8} = {6C4D298B-81FB-2B6B-5AB6-46205EDDC72C}
		{A47C5750-4B9C-46AF-BE6F-7215BC7AFC7D} = {6C4D298B-81FB-2B6B-5AB6-46205EDDC72C}
		{7BCD940B-BC5B-483D-ACDD-3AE3B8528981} = {6C4D298B-81FB-2B6B-5AB6-46205EDDC72C}
		{FA2C3812-C099-430C-BC38-FEF9411542AF} = {B36A84DF-456D-A817-6EDD-3EC3E7F6E11F}
		{687C2E50-8CFD-4246-B181-7FF26A365F55} = {6C4D298B-81FB-2B6B-5AB6-46205EDDC72C}
		{9AD13E32-716E-461C-8170-26F6E02A330D} = {6C4D298B-81FB-2B6B-5AB6-46205EDDC72C}
	EndGlobalSection
	GlobalSection(ExtensibilityGlobals) = postSolution
		SolutionGuid = {1DA5CEEC-9845-4C8F-91C5-CBDD1AAEDE5F}
	EndGlobalSection
EndGlobal
